github.com/saracen/walker v0.1.1 h1:Ou2QIKTWqo0QxhtuHVmtObbmhjMCEUyJ82xp0uV+MGI=
github.com/saracen/walker v0.1.1/go.mod h1:0oKYMsKVhSJ+ful4p/XbjvXbMgLEkLITZaxozsl4CGE=
golang.org/x/sync v0.0.0-20200317015054-43a5402ce75a h1:WXEvlFVvvGxCJLG6REjsT03iWnKLEWinaScsxF2Vm2o=
golang.org/x/sync v0.0.0-20200317015054-43a5402ce75a/go.mod h1:RxMgew5VJxzue5/jJTE5uejpjVlOe/izrB70Jof72aM=
